<?xml version="1.0" encoding="utf-8"?>
<Project ToolsVersion="4.0" xmlns="http://schemas.microsoft.com/developer/msbuild/2003">
  <ItemGroup>
    <Filter Include="Source Files">
      <UniqueIdentifier>{4FC737F1-C7A5-4376-A066-2A32D752A2FF}</UniqueIdentifier>
      <Extensions>cpp;c;cc;cxx;def;odl;idl;hpj;bat;asm;asmx</Extensions>
    </Filter>
    <Filter Include="Header Files">
      <UniqueIdentifier>{93995380-89BD-4b04-88EB-625FBE52EBFB}</UniqueIdentifier>
      <Extensions>h;hh;hpp;hxx;hm;inl;inc;ipp;xsd</Extensions>
    </Filter>
    <Filter Include="Resource Files">
      <UniqueIdentifier>{67DA6AB6-F800-4c08-8B7A-83BB121AAD01}</UniqueIdentifier>
      <Extensions>rc;ico;cur;bmp;dlg;rc2;rct;bin;rgs;gif;jpg;jpeg;jpe;resx;tiff;tif;png;wav;mfcribbon-ms</Extensions>
    </Filter>
  </ItemGroup>
  <ItemGroup>
    <ClCompile Include="Application OpenGL.cpp">
      <Filter>Source Files</Filter>
    </ClCompile>
    <ClCompile Include="Application\Base\Window.cpp">
      <Filter>Source Files</Filter>
    </ClCompile>
    <ClCompile Include="Application\Base\Application_Base.cpp">
      <Filter>Source Files</Filter>
    </ClCompile>
    <ClCompile Include="Application\Base\Command\DefaultCommands.cpp">
      <Filter>Source Files</Filter>
    </ClCompile>
    <ClCompile Include="Application\Base\Input\Context\Context_Base.cpp">
      <Filter>Source Files</Filter>
    </ClCompile>
    <ClCompile Include="Application\Base\Input\Context\Context_cursor_disabled.cpp">
      <Filter>Source Files</Filter>
    </ClCompile>
    <ClCompile Include="Application\Base\Input\Context\Context_cursor_enabled.cpp">
      <Filter>Source Files</Filter>
    </ClCompile>
    <ClCompile Include="Application\Base\Input\Context\ContextManager.cpp">
      <Filter>Source Files</Filter>
    </ClCompile>
    <ClCompile Include="Application\Base\Input\InputHandler.cpp">
      <Filter>Source Files</Filter>
    </ClCompile>
    <ClCompile Include="Application\Base\State\ApplicationState.cpp">
      <Filter>Source Files</Filter>
    </ClCompile>
    <ClCompile Include="Application\Base\State\StateManager.cpp">
      <Filter>Source Files</Filter>
    </ClCompile>
    <ClCompile Include="Application\Application.h">
      <Filter>Source Files</Filter>
    </ClCompile>
    <ClCompile Include="SecondState\Contexts\SecondStateContexts.cpp">
      <Filter>Source Files</Filter>
    </ClCompile>
    <ClCompile Include="SecondState\SecondState.cpp">
      <Filter>Source Files</Filter>
    </ClCompile>
    <ClCompile Include="MainState\Contexts\MainStateContexts.cpp">
      <Filter>Source Files</Filter>
    </ClCompile>
    <ClCompile Include="MainState\MainState.cpp">
      <Filter>Source Files</Filter>
    </ClCompile>
  </ItemGroup>
  <ItemGroup>
    <ClInclude Include="Application\Base\Window.h">
      <Filter>Header Files</Filter>
    </ClInclude>
    <ClInclude Include="Application\Base\Application_Base.h">
      <Filter>Header Files</Filter>
    </ClInclude>
    <ClInclude Include="Application\Base\Command\Command.h">
      <Filter>Header Files</Filter>
    </ClInclude>
    <ClInclude Include="Application\Base\Command\DefaultCommands.h">
      <Filter>Header Files</Filter>
    </ClInclude>
    <ClInclude Include="Application\Base\Command\ICommand.h">
      <Filter>Header Files</Filter>
    </ClInclude>
    <ClInclude Include="Application\Base\Command\WeightedCommand.h">
      <Filter>Header Files</Filter>
    </ClInclude>
    <ClInclude Include="Application\Base\Event\InputEvent.h">
      <Filter>Header Files</Filter>
    </ClInclude>
    <ClInclude Include="Application\Base\Input\Context\Invoker\Invoker.h">
      <Filter>Header Files</Filter>
    </ClInclude>
    <ClInclude Include="Application\Base\Input\Context\Invoker\Invoker_Action.h">
      <Filter>Header Files</Filter>
    </ClInclude>
    <ClInclude Include="Application\Base\Input\Context\Invoker\Invoker_Base.h">
      <Filter>Header Files</Filter>
    </ClInclude>
    <ClInclude Include="Application\Base\Input\Context\Invoker\Invoker_Scalar.h">
      <Filter>Header Files</Filter>
    </ClInclude>
    <ClInclude Include="Application\Base\Input\Context\Invoker\Invoker_ScalarAction.h">
      <Filter>Header Files</Filter>
    </ClInclude>
    <ClInclude Include="Application\Base\Input\Context\Invoker\Invoker_ScalarState.h">
      <Filter>Header Files</Filter>
    </ClInclude>
    <ClInclude Include="Application\Base\Input\Context\Invoker\Invoker_State.h">
      <Filter>Header Files</Filter>
    </ClInclude>
    <ClInclude Include="Application\Base\Input\Context\Invoker\Invoker_Vector.h">
      <Filter>Header Files</Filter>
    </ClInclude>
    <ClInclude Include="Application\Base\Input\Context\Invoker\Invoker_VectorAction.h">
      <Filter>Header Files</Filter>
    </ClInclude>
    <ClInclude Include="Application\Base\Input\Context\Invoker\Invoker_VectorState.h">
      <Filter>Header Files</Filter>
    </ClInclude>
    <ClInclude Include="Application\Base\Input\Context\Context.h">
      <Filter>Header Files</Filter>
    </ClInclude>
    <ClInclude Include="Application\Base\Input\Context\Context_Base.h">
      <Filter>Header Files</Filter>
    </ClInclude>
    <ClInclude Include="Application\Base\Input\Context\Context_cursor_disabled.h">
      <Filter>Header Files</Filter>
    </ClInclude>
    <ClInclude Include="Application\Base\Input\Context\Context_cursor_enabled.h">
      <Filter>Header Files</Filter>
    </ClInclude>
    <ClInclude Include="Application\Base\Input\Context\ContextManager.h">
      <Filter>Header Files</Filter>
    </ClInclude>
    <ClInclude Include="Application\Base\Input\InputHandler.h">
      <Filter>Header Files</Filter>
    </ClInclude>
    <ClInclude Include="Application\Base\State\ApplicationState.h">
      <Filter>Header Files</Filter>
    </ClInclude>
    <ClInclude Include="Application\Base\State\StateManager.h">
      <Filter>Header Files</Filter>
    </ClInclude>
    <ClInclude Include="Application\Base\Utilities\Timer.h">
      <Filter>Header Files</Filter>
    </ClInclude>
    <ClInclude Include="SecondState\Contexts\SecondStateContexts.h">
      <Filter>Header Files</Filter>
    </ClInclude>
    <ClInclude Include="SecondState\SecondState.h">
      <Filter>Header Files</Filter>
    </ClInclude>
    <ClInclude Include="MainState\Contexts\MainStateContexts.h">
      <Filter>Header Files</Filter>
    </ClInclude>
    <ClInclude Include="MainState\MainState.h">
      <Filter>Header Files</Filter>
    </ClInclude>
    <ClInclude Include="MyApplication.h">
      <Filter>Header Files</Filter>
    </ClInclude>
  </ItemGroup>
</Project>